# THIS IS AN AUTOGENERATED FILE. DO NOT EDIT THIS FILE DIRECTLY.
# yarn lockfile v1


"@ethersproject/abi@5.4.1":
  version "5.4.1"
  resolved "https://registry.yarnpkg.com/@ethersproject/abi/-/abi-5.4.1.tgz#6ac28fafc9ef6f5a7a37e30356a2eb31fa05d39b"
  integrity sha512-9mhbjUk76BiSluiiW4BaYyI58KSbDMMQpCLdsAR+RsT2GyATiNYxVv+pGWRrekmsIdY3I+hOqsYQSTkc8L/mcg==
  dependencies:
    "@ethersproject/address" "^5.4.0"
    "@ethersproject/bignumber" "^5.4.0"
    "@ethersproject/bytes" "^5.4.0"
    "@ethersproject/constants" "^5.4.0"
    "@ethersproject/hash" "^5.4.0"
    "@ethersproject/keccak256" "^5.4.0"
    "@ethersproject/logger" "^5.4.0"
    "@ethersproject/properties" "^5.4.0"
    "@ethersproject/strings" "^5.4.0"

"@ethersproject/abi@5.7.0", "@ethersproject/abi@^5.4.0", "@ethersproject/abi@^5.7.0":
  version "5.7.0"
  resolved "https://registry.yarnpkg.com/@ethersproject/abi/-/abi-5.7.0.tgz#b3f3e045bbbeed1af3947335c247ad625a44e449"
  integrity sha512-351ktp42TiRcYB3H1OP8yajPeAQstMW/yCFokj/AthP9bLHzQFPlOrxOcwYEDkUAICmOHljvN4K39OMTMUa9RA==
  dependencies:
    "@ethersproject/address" "^5.7.0"
    "@ethersproject/bignumber" "^5.7.0"
    "@ethersproject/bytes" "^5.7.0"
    "@ethersproject/constants" "^5.7.0"
    "@ethersproject/hash" "^5.7.0"
    "@ethersproject/keccak256" "^5.7.0"
    "@ethersproject/logger" "^5.7.0"
    "@ethersproject/properties" "^5.7.0"
    "@ethersproject/strings" "^5.7.0"

"@ethersproject/abstract-provider@5.4.1":
  version "5.4.1"
  resolved "https://registry.yarnpkg.com/@ethersproject/abstract-provider/-/abstract-provider-5.4.1.tgz#e404309a29f771bd4d28dbafadcaa184668c2a6e"
  integrity sha512-3EedfKI3LVpjSKgAxoUaI+gB27frKsxzm+r21w9G60Ugk+3wVLQwhi1LsEJAKNV7WoZc8CIpNrATlL1QFABjtQ==
  dependencies:
    "@ethersproject/bignumber" "^5.4.0"
    "@ethersproject/bytes" "^5.4.0"
    "@ethersproject/logger" "^5.4.0"
    "@ethersproject/networks" "^5.4.0"
    "@ethersproject/properties" "^5.4.0"
    "@ethersproject/transactions" "^5.4.0"
    "@ethersproject/web" "^5.4.0"

"@ethersproject/abstract-provider@5.7.0", "@ethersproject/abstract-provider@^5.4.0", "@ethersproject/abstract-provider@^5.7.0":
  version "5.7.0"
  resolved "https://registry.yarnpkg.com/@ethersproject/abstract-provider/-/abstract-provider-5.7.0.tgz#b0a8550f88b6bf9d51f90e4795d48294630cb9ef"
  integrity sha512-R41c9UkchKCpAqStMYUpdunjo3pkEvZC3FAwZn5S5MGbXoMQOHIdHItezTETxAO5bevtMApSyEhn9+CHcDsWBw==
  dependencies:
    "@ethersproject/bignumber" "^5.7.0"
    "@ethersproject/bytes" "^5.7.0"
    "@ethersproject/logger" "^5.7.0"
    "@ethersproject/networks" "^5.7.0"
    "@ethersproject/properties" "^5.7.0"
    "@ethersproject/transactions" "^5.7.0"
    "@ethersproject/web" "^5.7.0"

"@ethersproject/abstract-signer@5.4.1":
  version "5.4.1"
  resolved "https://registry.yarnpkg.com/@ethersproject/abstract-signer/-/abstract-signer-5.4.1.tgz#e4e9abcf4dd4f1ba0db7dff9746a5f78f355ea81"
  integrity sha512-SkkFL5HVq1k4/25dM+NWP9MILgohJCgGv5xT5AcRruGz4ILpfHeBtO/y6j+Z3UN/PAjDeb4P7E51Yh8wcGNLGA==
  dependencies:
    "@ethersproject/abstract-provider" "^5.4.0"
    "@ethersproject/bignumber" "^5.4.0"
    "@ethersproject/bytes" "^5.4.0"
    "@ethersproject/logger" "^5.4.0"
    "@ethersproject/properties" "^5.4.0"

"@ethersproject/abstract-signer@5.7.0", "@ethersproject/abstract-signer@^5.4.0", "@ethersproject/abstract-signer@^5.7.0":
  version "5.7.0"
  resolved "https://registry.yarnpkg.com/@ethersproject/abstract-signer/-/abstract-signer-5.7.0.tgz#13f4f32117868452191a4649723cb086d2b596b2"
  integrity sha512-a16V8bq1/Cz+TGCkE2OPMTOUDLS3grCpdjoJCYNnVBbdYEMSgKrU0+B90s8b6H+ByYTBZN7a3g76jdIJi7UfKQ==
  dependencies:
    "@ethersproject/abstract-provider" "^5.7.0"
    "@ethersproject/bignumber" "^5.7.0"
    "@ethersproject/bytes" "^5.7.0"
    "@ethersproject/logger" "^5.7.0"
    "@ethersproject/properties" "^5.7.0"

"@ethersproject/address@5.4.0":
  version "5.4.0"
  resolved "https://registry.yarnpkg.com/@ethersproject/address/-/address-5.4.0.tgz#ba2d00a0f8c4c0854933b963b9a3a9f6eb4a37a3"
  integrity sha512-SD0VgOEkcACEG/C6xavlU1Hy3m5DGSXW3CUHkaaEHbAPPsgi0coP5oNPsxau8eTlZOk/bpa/hKeCNoK5IzVI2Q==
  dependencies:
    "@ethersproject/bignumber" "^5.4.0"
    "@ethersproject/bytes" "^5.4.0"
    "@ethersproject/keccak256" "^5.4.0"
    "@ethersproject/logger" "^5.4.0"
    "@ethersproject/rlp" "^5.4.0"

"@ethersproject/address@5.7.0", "@ethersproject/address@^5.4.0", "@ethersproject/address@^5.7.0":
  version "5.7.0"
  resolved "https://registry.yarnpkg.com/@ethersproject/address/-/address-5.7.0.tgz#19b56c4d74a3b0a46bfdbb6cfcc0a153fc697f37"
  integrity sha512-9wYhYt7aghVGo758POM5nqcOMaE168Q6aRLJZwUmiqSrAungkG74gSSeKEIR7ukixesdRZGPgVqme6vmxs1fkA==
  dependencies:
    "@ethersproject/bignumber" "^5.7.0"
    "@ethersproject/bytes" "^5.7.0"
    "@ethersproject/keccak256" "^5.7.0"
    "@ethersproject/logger" "^5.7.0"
    "@ethersproject/rlp" "^5.7.0"

"@ethersproject/base64@5.4.0":
  version "5.4.0"
  resolved "https://registry.yarnpkg.com/@ethersproject/base64/-/base64-5.4.0.tgz#7252bf65295954c9048c7ca5f43e5c86441b2a9a"
  integrity sha512-CjQw6E17QDSSC5jiM9YpF7N1aSCHmYGMt9bWD8PWv6YPMxjsys2/Q8xLrROKI3IWJ7sFfZ8B3flKDTM5wlWuZQ==
  dependencies:
    "@ethersproject/bytes" "^5.4.0"

"@ethersproject/base64@5.7.0", "@ethersproject/base64@^5.4.0", "@ethersproject/base64@^5.7.0":
  version "5.7.0"
  resolved "https://registry.yarnpkg.com/@ethersproject/base64/-/base64-5.7.0.tgz#ac4ee92aa36c1628173e221d0d01f53692059e1c"
  integrity sha512-Dr8tcHt2mEbsZr/mwTPIQAf3Ai0Bks/7gTw9dSqk1mQvhW3XvRlmDJr/4n+wg1JmCl16NZue17CDh8xb/vZ0sQ==
  dependencies:
    "@ethersproject/bytes" "^5.7.0"

"@ethersproject/basex@5.4.0":
  version "5.4.0"
  resolved "https://registry.yarnpkg.com/@ethersproject/basex/-/basex-5.4.0.tgz#0a2da0f4e76c504a94f2b21d3161ed9438c7f8a6"
  integrity sha512-J07+QCVJ7np2bcpxydFVf/CuYo9mZ7T73Pe7KQY4c1lRlrixMeblauMxHXD0MPwFmUHZIILDNViVkykFBZylbg==
  dependencies:
    "@ethersproject/bytes" "^5.4.0"
    "@ethersproject/properties" "^5.4.0"

"@ethersproject/basex@5.7.0", "@ethersproject/basex@^5.4.0", "@ethersproject/basex@^5.7.0":
  version "5.7.0"
  resolved "https://registry.yarnpkg.com/@ethersproject/basex/-/basex-5.7.0.tgz#97034dc7e8938a8ca943ab20f8a5e492ece4020b"
  integrity sha512-ywlh43GwZLv2Voc2gQVTKBoVQ1mti3d8HK5aMxsfu/nRDnMmNqaSJ3r3n85HBByT8OpoY96SXM1FogC533T4zw==
  dependencies:
    "@ethersproject/bytes" "^5.7.0"
    "@ethersproject/properties" "^5.7.0"

"@ethersproject/bignumber@5.4.2":
  version "5.4.2"
  resolved "https://registry.yarnpkg.com/@ethersproject/bignumber/-/bignumber-5.4.2.tgz#44232e015ae4ce82ac034de549eb3583c71283d8"
  integrity sha512-oIBDhsKy5bs7j36JlaTzFgNPaZjiNDOXsdSgSpXRucUl+UA6L/1YLlFeI3cPAoodcenzF4nxNPV13pcy7XbWjA==
  dependencies:
    "@ethersproject/bytes" "^5.4.0"
    "@ethersproject/logger" "^5.4.0"
    bn.js "^4.11.9"

"@ethersproject/bignumber@5.7.0", "@ethersproject/bignumber@^5.4.0", "@ethersproject/bignumber@^5.7.0":
  version "5.7.0"
  resolved "https://registry.yarnpkg.com/@ethersproject/bignumber/-/bignumber-5.7.0.tgz#e2f03837f268ba655ffba03a57853e18a18dc9c2"
  integrity sha512-n1CAdIHRWjSucQO3MC1zPSVgV/6dy/fjL9pMrPP9peL+QxEg9wOsVqwD4+818B6LUEtaXzVHQiuivzRoxPxUGw==
  dependencies:
    "@ethersproject/bytes" "^5.7.0"
    "@ethersproject/logger" "^5.7.0"
    bn.js "^5.2.1"

"@ethersproject/bytes@5.4.0":
  version "5.4.0"
  resolved "https://registry.yarnpkg.com/@ethersproject/bytes/-/bytes-5.4.0.tgz#56fa32ce3bf67153756dbaefda921d1d4774404e"
  integrity sha512-H60ceqgTHbhzOj4uRc/83SCN9d+BSUnOkrr2intevqdtEMO1JFVZ1XL84OEZV+QjV36OaZYxtnt4lGmxcGsPfA==
  dependencies:
    "@ethersproject/logger" "^5.4.0"

"@ethersproject/bytes@5.7.0", "@ethersproject/bytes@^5.4.0", "@ethersproject/bytes@^5.7.0":
  version "5.7.0"
  resolved "https://registry.yarnpkg.com/@ethersproject/bytes/-/bytes-5.7.0.tgz#a00f6ea8d7e7534d6d87f47188af1148d71f155d"
  integrity sha512-nsbxwgFXWh9NyYWo+U8atvmMsSdKJprTcICAkvbBffT75qDocbuggBU0SJiVK2MuTrp0q+xvLkTnGMPK1+uA9A==
  dependencies:
    "@ethersproject/logger" "^5.7.0"

"@ethersproject/constants@5.4.0":
  version "5.4.0"
  resolved "https://registry.yarnpkg.com/@ethersproject/constants/-/constants-5.4.0.tgz#ee0bdcb30bf1b532d2353c977bf2ef1ee117958a"
  integrity sha512-tzjn6S7sj9+DIIeKTJLjK9WGN2Tj0P++Z8ONEIlZjyoTkBuODN+0VfhAyYksKi43l1Sx9tX2VlFfzjfmr5Wl3Q==
  dependencies:
    "@ethersproject/bignumber" "^5.4.0"

"@ethersproject/constants@5.7.0", "@ethersproject/constants@^5.4.0", "@ethersproject/constants@^5.7.0":
  version "5.7.0"
  resolved "https://registry.yarnpkg.com/@ethersproject/constants/-/constants-5.7.0.tgz#df80a9705a7e08984161f09014ea012d1c75295e"
  integrity sha512-DHI+y5dBNvkpYUMiRQyxRBYBefZkJfo70VUkUAsRjcPs47muV9evftfZ0PJVCXYbAiCgght0DtcF9srFQmIgWA==
  dependencies:
    "@ethersproject/bignumber" "^5.7.0"

"@ethersproject/contracts@5.4.1":
  version "5.4.1"
  resolved "https://registry.yarnpkg.com/@ethersproject/contracts/-/contracts-5.4.1.tgz#3eb4f35b7fe60a962a75804ada2746494df3e470"
  integrity sha512-m+z2ZgPy4pyR15Je//dUaymRUZq5MtDajF6GwFbGAVmKz/RF+DNIPwF0k5qEcL3wPGVqUjFg2/krlCRVTU4T5w==
  dependencies:
    "@ethersproject/abi" "^5.4.0"
    "@ethersproject/abstract-provider" "^5.4.0"
    "@ethersproject/abstract-signer" "^5.4.0"
    "@ethersproject/address" "^5.4.0"
    "@ethersproject/bignumber" "^5.4.0"
    "@ethersproject/bytes" "^5.4.0"
    "@ethersproject/constants" "^5.4.0"
    "@ethersproject/logger" "^5.4.0"
    "@ethersproject/properties" "^5.4.0"
    "@ethersproject/transactions" "^5.4.0"

"@ethersproject/contracts@5.7.0":
  version "5.7.0"
  resolved "https://registry.yarnpkg.com/@ethersproject/contracts/-/contracts-5.7.0.tgz#c305e775abd07e48aa590e1a877ed5c316f8bd1e"
  integrity sha512-5GJbzEU3X+d33CdfPhcyS+z8MzsTrBGk/sc+G+59+tPa9yFkl6HQ9D6L0QMgNTA9q8dT0XKxxkyp883XsQvbbg==
  dependencies:
    "@ethersproject/abi" "^5.7.0"
    "@ethersproject/abstract-provider" "^5.7.0"
    "@ethersproject/abstract-signer" "^5.7.0"
    "@ethersproject/address" "^5.7.0"
    "@ethersproject/bignumber" "^5.7.0"
    "@ethersproject/bytes" "^5.7.0"
    "@ethersproject/constants" "^5.7.0"
    "@ethersproject/logger" "^5.7.0"
    "@ethersproject/properties" "^5.7.0"
    "@ethersproject/transactions" "^5.7.0"

"@ethersproject/experimental@^5.7.0":
  version "5.7.0"
  resolved "https://registry.yarnpkg.com/@ethersproject/experimental/-/experimental-5.7.0.tgz#9759639434d37beaedfd8acab6f3af7db246b92d"
  integrity sha512-DWvhuw7Dg8JPyhMbh/CNYOwsTLjXRx/HGkacIL5rBocG8jJC0kmixwoK/J3YblO4vtcyBLMa+sV74RJZK2iyHg==
  dependencies:
    "@ethersproject/web" "^5.7.0"
    ethers "^5.7.0"
    scrypt-js "3.0.1"

"@ethersproject/hash@5.4.0":
  version "5.4.0"
  resolved "https://registry.yarnpkg.com/@ethersproject/hash/-/hash-5.4.0.tgz#d18a8e927e828e22860a011f39e429d388344ae0"
  integrity sha512-xymAM9tmikKgbktOCjW60Z5sdouiIIurkZUr9oW5NOex5uwxrbsYG09kb5bMcNjlVeJD3yPivTNzViIs1GCbqA==
  dependencies:
    "@ethersproject/abstract-signer" "^5.4.0"
    "@ethersproject/address" "^5.4.0"
    "@ethersproject/bignumber" "^5.4.0"
    "@ethersproject/bytes" "^5.4.0"
    "@ethersproject/keccak256" "^5.4.0"
    "@ethersproject/logger" "^5.4.0"
    "@ethersproject/properties" "^5.4.0"
    "@ethersproject/strings" "^5.4.0"

"@ethersproject/hash@5.7.0", "@ethersproject/hash@^5.4.0", "@ethersproject/hash@^5.7.0":
  version "5.7.0"
  resolved "https://registry.yarnpkg.com/@ethersproject/hash/-/hash-5.7.0.tgz#eb7aca84a588508369562e16e514b539ba5240a7"
  integrity sha512-qX5WrQfnah1EFnO5zJv1v46a8HW0+E5xuBBDTwMFZLuVTx0tbU2kkx15NqdjxecrLGatQN9FGQKpb1FKdHCt+g==
  dependencies:
    "@ethersproject/abstract-signer" "^5.7.0"
    "@ethersproject/address" "^5.7.0"
    "@ethersproject/base64" "^5.7.0"
    "@ethersproject/bignumber" "^5.7.0"
    "@ethersproject/bytes" "^5.7.0"
    "@ethersproject/keccak256" "^5.7.0"
    "@ethersproject/logger" "^5.7.0"
    "@ethersproject/properties" "^5.7.0"
    "@ethersproject/strings" "^5.7.0"

"@ethersproject/hdnode@5.4.0":
  version "5.4.0"
  resolved "https://registry.yarnpkg.com/@ethersproject/hdnode/-/hdnode-5.4.0.tgz#4bc9999b9a12eb5ce80c5faa83114a57e4107cac"
  integrity sha512-pKxdS0KAaeVGfZPp1KOiDLB0jba11tG6OP1u11QnYfb7pXn6IZx0xceqWRr6ygke8+Kw74IpOoSi7/DwANhy8Q==
  dependencies:
    "@ethersproject/abstract-signer" "^5.4.0"
    "@ethersproject/basex" "^5.4.0"
    "@ethersproject/bignumber" "^5.4.0"
    "@ethersproject/bytes" "^5.4.0"
    "@ethersproject/logger" "^5.4.0"
    "@ethersproject/pbkdf2" "^5.4.0"
    "@ethersproject/properties" "^5.4.0"
    "@ethersproject/sha2" "^5.4.0"
    "@ethersproject/signing-key" "^5.4.0"
    "@ethersproject/strings" "^5.4.0"
    "@ethersproject/transactions" "^5.4.0"
    "@ethersproject/wordlists" "^5.4.0"

"@ethersproject/hdnode@5.7.0", "@ethersproject/hdnode@^5.4.0", "@ethersproject/hdnode@^5.7.0":
  version "5.7.0"
  resolved "https://registry.yarnpkg.com/@ethersproject/hdnode/-/hdnode-5.7.0.tgz#e627ddc6b466bc77aebf1a6b9e47405ca5aef9cf"
  integrity sha512-OmyYo9EENBPPf4ERhR7oj6uAtUAhYGqOnIS+jE5pTXvdKBS99ikzq1E7Iv0ZQZ5V36Lqx1qZLeak0Ra16qpeOg==
  dependencies:
    "@ethersproject/abstract-signer" "^5.7.0"
    "@ethersproject/basex" "^5.7.0"
    "@ethersproject/bignumber" "^5.7.0"
    "@ethersproject/bytes" "^5.7.0"
    "@ethersproject/logger" "^5.7.0"
    "@ethersproject/pbkdf2" "^5.7.0"
    "@ethersproject/properties" "^5.7.0"
    "@ethersproject/sha2" "^5.7.0"
    "@ethersproject/signing-key" "^5.7.0"
    "@ethersproject/strings" "^5.7.0"
    "@ethersproject/transactions" "^5.7.0"
    "@ethersproject/wordlists" "^5.7.0"

"@ethersproject/json-wallets@5.4.0":
  version "5.4.0"
  resolved "https://registry.yarnpkg.com/@ethersproject/json-wallets/-/json-wallets-5.4.0.tgz#2583341cfe313fc9856642e8ace3080154145e95"
  integrity sha512-igWcu3fx4aiczrzEHwG1xJZo9l1cFfQOWzTqwRw/xcvxTk58q4f9M7cjh51EKphMHvrJtcezJ1gf1q1AUOfEQQ==
  dependencies:
    "@ethersproject/abstract-signer" "^5.4.0"
    "@ethersproject/address" "^5.4.0"
    "@ethersproject/bytes" "^5.4.0"
    "@ethersproject/hdnode" "^5.4.0"
    "@ethersproject/keccak256" "^5.4.0"
    "@ethersproject/logger" "^5.4.0"
    "@ethersproject/pbkdf2" "^5.4.0"
    "@ethersproject/properties" "^5.4.0"
    "@ethersproject/random" "^5.4.0"
    "@ethersproject/strings" "^5.4.0"
    "@ethersproject/transactions" "^5.4.0"
    aes-js "3.0.0"
    scrypt-js "3.0.1"

"@ethersproject/json-wallets@5.7.0", "@ethersproject/json-wallets@^5.4.0", "@ethersproject/json-wallets@^5.7.0":
  version "5.7.0"
  resolved "https://registry.yarnpkg.com/@ethersproject/json-wallets/-/json-wallets-5.7.0.tgz#5e3355287b548c32b368d91014919ebebddd5360"
  integrity sha512-8oee5Xgu6+RKgJTkvEMl2wDgSPSAQ9MB/3JYjFV9jlKvcYHUXZC+cQp0njgmxdHkYWn8s6/IqIZYm0YWCjO/0g==
  dependencies:
    "@ethersproject/abstract-signer" "^5.7.0"
    "@ethersproject/address" "^5.7.0"
    "@ethersproject/bytes" "^5.7.0"
    "@ethersproject/hdnode" "^5.7.0"
    "@ethersproject/keccak256" "^5.7.0"
    "@ethersproject/logger" "^5.7.0"
    "@ethersproject/pbkdf2" "^5.7.0"
    "@ethersproject/properties" "^5.7.0"
    "@ethersproject/random" "^5.7.0"
    "@ethersproject/strings" "^5.7.0"
    "@ethersproject/transactions" "^5.7.0"
    aes-js "3.0.0"
    scrypt-js "3.0.1"

"@ethersproject/keccak256@5.4.0":
  version "5.4.0"
  resolved "https://registry.yarnpkg.com/@ethersproject/keccak256/-/keccak256-5.4.0.tgz#7143b8eea4976080241d2bd92e3b1f1bf7025318"
  integrity sha512-FBI1plWet+dPUvAzPAeHzRKiPpETQzqSUWR1wXJGHVWi4i8bOSrpC3NwpkPjgeXG7MnugVc1B42VbfnQikyC/A==
  dependencies:
    "@ethersproject/bytes" "^5.4.0"
    js-sha3 "0.5.7"

"@ethersproject/keccak256@5.7.0", "@ethersproject/keccak256@^5.4.0", "@ethersproject/keccak256@^5.7.0":
  version "5.7.0"
  resolved "https://registry.yarnpkg.com/@ethersproject/keccak256/-/keccak256-5.7.0.tgz#3186350c6e1cd6aba7940384ec7d6d9db01f335a"
  integrity sha512-2UcPboeL/iW+pSg6vZ6ydF8tCnv3Iu/8tUmLLzWWGzxWKFFqOBQFLo6uLUv6BDrLgCDfN28RJ/wtByx+jZ4KBg==
  dependencies:
    "@ethersproject/bytes" "^5.7.0"
    js-sha3 "0.8.0"

"@ethersproject/logger@5.4.1":
  version "5.4.1"
  resolved "https://registry.yarnpkg.com/@ethersproject/logger/-/logger-5.4.1.tgz#503bd33683538b923c578c07d1c2c0dd18672054"
  integrity sha512-DZ+bRinnYLPw1yAC64oRl0QyVZj43QeHIhVKfD/+YwSz4wsv1pfwb5SOFjz+r710YEWzU6LrhuSjpSO+6PeE4A==

"@ethersproject/logger@5.7.0", "@ethersproject/logger@^5.4.0", "@ethersproject/logger@^5.7.0":
  version "5.7.0"
  resolved "https://registry.yarnpkg.com/@ethersproject/logger/-/logger-5.7.0.tgz#6ce9ae168e74fecf287be17062b590852c311892"
  integrity sha512-0odtFdXu/XHtjQXJYA3u9G0G8btm0ND5Cu8M7i5vhEcE8/HmF4Lbdqanwyv4uQTr2tx6b7fQRmgLrsnpQlmnig==

"@ethersproject/networks@5.4.2":
  version "5.4.2"
  resolved "https://registry.yarnpkg.com/@ethersproject/networks/-/networks-5.4.2.tgz#2247d977626e97e2c3b8ee73cd2457babde0ce35"
  integrity sha512-eekOhvJyBnuibfJnhtK46b8HimBc5+4gqpvd1/H9LEl7Q7/qhsIhM81dI9Fcnjpk3jB1aTy6bj0hz3cifhNeYw==
  dependencies:
    "@ethersproject/logger" "^5.4.0"

"@ethersproject/networks@5.7.1", "@ethersproject/networks@^5.4.0", "@ethersproject/networks@^5.7.0":
  version "5.7.1"
  resolved "https://registry.yarnpkg.com/@ethersproject/networks/-/networks-5.7.1.tgz#118e1a981d757d45ccea6bb58d9fd3d9db14ead6"
  integrity sha512-n/MufjFYv3yFcUyfhnXotyDlNdFb7onmkSy8aQERi2PjNcnWQ66xXxa3XlS8nCcA8aJKJjIIMNJTC7tu80GwpQ==
  dependencies:
    "@ethersproject/logger" "^5.7.0"

"@ethersproject/pbkdf2@5.4.0":
  version "5.4.0"
  resolved "https://registry.yarnpkg.com/@ethersproject/pbkdf2/-/pbkdf2-5.4.0.tgz#ed88782a67fda1594c22d60d0ca911a9d669641c"
  integrity sha512-x94aIv6tiA04g6BnazZSLoRXqyusawRyZWlUhKip2jvoLpzJuLb//KtMM6PEovE47pMbW+Qe1uw+68ameJjB7g==
  dependencies:
    "@ethersproject/bytes" "^5.4.0"
    "@ethersproject/sha2" "^5.4.0"

"@ethersproject/pbkdf2@5.7.0", "@ethersproject/pbkdf2@^5.4.0", "@ethersproject/pbkdf2@^5.7.0":
  version "5.7.0"
  resolved "https://registry.yarnpkg.com/@ethersproject/pbkdf2/-/pbkdf2-5.7.0.tgz#d2267d0a1f6e123f3771007338c47cccd83d3102"
  integrity sha512-oR/dBRZR6GTyaofd86DehG72hY6NpAjhabkhxgr3X2FpJtJuodEl2auADWBZfhDHgVCbu3/H/Ocq2uC6dpNjjw==
  dependencies:
    "@ethersproject/bytes" "^5.7.0"
    "@ethersproject/sha2" "^5.7.0"

"@ethersproject/properties@5.4.1":
  version "5.4.1"
  resolved "https://registry.yarnpkg.com/@ethersproject/properties/-/properties-5.4.1.tgz#9f051f976ce790142c6261ccb7b826eaae1f2f36"
  integrity sha512-cyCGlF8wWlIZyizsj2PpbJ9I7rIlUAfnHYwy/T90pdkSn/NFTa5YWZx2wTJBe9V7dD65dcrrEMisCRUJiq6n3w==
  dependencies:
    "@ethersproject/logger" "^5.4.0"

"@ethersproject/properties@5.7.0", "@ethersproject/properties@^5.4.0", "@ethersproject/properties@^5.7.0":
  version "5.7.0"
  resolved "https://registry.yarnpkg.com/@ethersproject/properties/-/properties-5.7.0.tgz#a6e12cb0439b878aaf470f1902a176033067ed30"
  integrity sha512-J87jy8suntrAkIZtecpxEPxY//szqr1mlBaYlQ0r4RCaiD2hjheqF9s1LVE8vVuJCXisjIP+JgtK/Do54ej4Sw==
  dependencies:
    "@ethersproject/logger" "^5.7.0"

"@ethersproject/providers@5.4.5":
  version "5.4.5"
  resolved "https://registry.yarnpkg.com/@ethersproject/providers/-/providers-5.4.5.tgz#eb2ea2a743a8115f79604a8157233a3a2c832928"
  integrity sha512-1GkrvkiAw3Fj28cwi1Sqm8ED1RtERtpdXmRfwIBGmqBSN5MoeRUHuwHPppMtbPayPgpFcvD7/Gdc9doO5fGYgw==
  dependencies:
    "@ethersproject/abstract-provider" "^5.4.0"
    "@ethersproject/abstract-signer" "^5.4.0"
    "@ethersproject/address" "^5.4.0"
    "@ethersproject/basex" "^5.4.0"
    "@ethersproject/bignumber" "^5.4.0"
    "@ethersproject/bytes" "^5.4.0"
    "@ethersproject/constants" "^5.4.0"
    "@ethersproject/hash" "^5.4.0"
    "@ethersproject/logger" "^5.4.0"
    "@ethersproject/networks" "^5.4.0"
    "@ethersproject/properties" "^5.4.0"
    "@ethersproject/random" "^5.4.0"
    "@ethersproject/rlp" "^5.4.0"
    "@ethersproject/sha2" "^5.4.0"
    "@ethersproject/strings" "^5.4.0"
    "@ethersproject/transactions" "^5.4.0"
    "@ethersproject/web" "^5.4.0"
    bech32 "1.1.4"
    ws "7.4.6"

"@ethersproject/providers@5.7.2":
  version "5.7.2"
  resolved "https://registry.yarnpkg.com/@ethersproject/providers/-/providers-5.7.2.tgz#f8b1a4f275d7ce58cf0a2eec222269a08beb18cb"
  integrity sha512-g34EWZ1WWAVgr4aptGlVBF8mhl3VWjv+8hoAnzStu8Ah22VHBsuGzP17eb6xDVRzw895G4W7vvx60lFFur/1Rg==
  dependencies:
    "@ethersproject/abstract-provider" "^5.7.0"
    "@ethersproject/abstract-signer" "^5.7.0"
    "@ethersproject/address" "^5.7.0"
    "@ethersproject/base64" "^5.7.0"
    "@ethersproject/basex" "^5.7.0"
    "@ethersproject/bignumber" "^5.7.0"
    "@ethersproject/bytes" "^5.7.0"
    "@ethersproject/constants" "^5.7.0"
    "@ethersproject/hash" "^5.7.0"
    "@ethersproject/logger" "^5.7.0"
    "@ethersproject/networks" "^5.7.0"
    "@ethersproject/properties" "^5.7.0"
    "@ethersproject/random" "^5.7.0"
    "@ethersproject/rlp" "^5.7.0"
    "@ethersproject/sha2" "^5.7.0"
    "@ethersproject/strings" "^5.7.0"
    "@ethersproject/transactions" "^5.7.0"
    "@ethersproject/web" "^5.7.0"
    bech32 "1.1.4"
    ws "7.4.6"

"@ethersproject/random@5.4.0":
  version "5.4.0"
  resolved "https://registry.yarnpkg.com/@ethersproject/random/-/random-5.4.0.tgz#9cdde60e160d024be39cc16f8de3b9ce39191e16"
  integrity sha512-pnpWNQlf0VAZDEOVp1rsYQosmv2o0ITS/PecNw+mS2/btF8eYdspkN0vIXrCMtkX09EAh9bdk8GoXmFXM1eAKw==
  dependencies:
    "@ethersproject/bytes" "^5.4.0"
    "@ethersproject/logger" "^5.4.0"

"@ethersproject/random@5.7.0", "@ethersproject/random@^5.4.0", "@ethersproject/random@^5.7.0":
  version "5.7.0"
  resolved "https://registry.yarnpkg.com/@ethersproject/random/-/random-5.7.0.tgz#af19dcbc2484aae078bb03656ec05df66253280c"
  integrity sha512-19WjScqRA8IIeWclFme75VMXSBvi4e6InrUNuaR4s5pTF2qNhcGdCUwdxUVGtDDqC00sDLCO93jPQoDUH4HVmQ==
  dependencies:
    "@ethersproject/bytes" "^5.7.0"
    "@ethersproject/logger" "^5.7.0"

"@ethersproject/rlp@5.4.0":
  version "5.4.0"
  resolved "https://registry.yarnpkg.com/@ethersproject/rlp/-/rlp-5.4.0.tgz#de61afda5ff979454e76d3b3310a6c32ad060931"
  integrity sha512-0I7MZKfi+T5+G8atId9QaQKHRvvasM/kqLyAH4XxBCBchAooH2EX5rL9kYZWwcm3awYV+XC7VF6nLhfeQFKVPg==
  dependencies:
    "@ethersproject/bytes" "^5.4.0"
    "@ethersproject/logger" "^5.4.0"

"@ethersproject/rlp@5.7.0", "@ethersproject/rlp@^5.4.0", "@ethersproject/rlp@^5.7.0":
  version "5.7.0"
  resolved "https://registry.yarnpkg.com/@ethersproject/rlp/-/rlp-5.7.0.tgz#de39e4d5918b9d74d46de93af80b7685a9c21304"
  integrity sha512-rBxzX2vK8mVF7b0Tol44t5Tb8gomOHkj5guL+HhzQ1yBh/ydjGnpw6at+X6Iw0Kp3OzzzkcKp8N9r0W4kYSs9w==
  dependencies:
    "@ethersproject/bytes" "^5.7.0"
    "@ethersproject/logger" "^5.7.0"

"@ethersproject/sha2@5.4.0":
  version "5.4.0"
  resolved "https://registry.yarnpkg.com/@ethersproject/sha2/-/sha2-5.4.0.tgz#c9a8db1037014cbc4e9482bd662f86c090440371"
  integrity sha512-siheo36r1WD7Cy+bDdE1BJ8y0bDtqXCOxRMzPa4bV1TGt/eTUUt03BHoJNB6reWJD8A30E/pdJ8WFkq+/uz4Gg==
  dependencies:
    "@ethersproject/bytes" "^5.4.0"
    "@ethersproject/logger" "^5.4.0"
    hash.js "1.1.7"

"@ethersproject/sha2@5.7.0", "@ethersproject/sha2@^5.4.0", "@ethersproject/sha2@^5.7.0":
  version "5.7.0"
  resolved "https://registry.yarnpkg.com/@ethersproject/sha2/-/sha2-5.7.0.tgz#9a5f7a7824ef784f7f7680984e593a800480c9fb"
  integrity sha512-gKlH42riwb3KYp0reLsFTokByAKoJdgFCwI+CCiX/k+Jm2mbNs6oOaCjYQSlI1+XBVejwH2KrmCbMAT/GnRDQw==
  dependencies:
    "@ethersproject/bytes" "^5.7.0"
    "@ethersproject/logger" "^5.7.0"
    hash.js "1.1.7"

"@ethersproject/signing-key@5.4.0":
  version "5.4.0"
  resolved "https://registry.yarnpkg.com/@ethersproject/signing-key/-/signing-key-5.4.0.tgz#2f05120984e81cf89a3d5f6dec5c68ee0894fbec"
  integrity sha512-q8POUeywx6AKg2/jX9qBYZIAmKSB4ubGXdQ88l40hmATj29JnG5pp331nAWwwxPn2Qao4JpWHNZsQN+bPiSW9A==
  dependencies:
    "@ethersproject/bytes" "^5.4.0"
    "@ethersproject/logger" "^5.4.0"
    "@ethersproject/properties" "^5.4.0"
    bn.js "^4.11.9"
    elliptic "6.5.4"
    hash.js "1.1.7"

"@ethersproject/signing-key@5.7.0", "@ethersproject/signing-key@^5.4.0", "@ethersproject/signing-key@^5.7.0":
  version "5.7.0"
  resolved "https://registry.yarnpkg.com/@ethersproject/signing-key/-/signing-key-5.7.0.tgz#06b2df39411b00bc57c7c09b01d1e41cf1b16ab3"
  integrity sha512-MZdy2nL3wO0u7gkB4nA/pEf8lu1TlFswPNmy8AiYkfKTdO6eXBJyUdmHO/ehm/htHw9K/qF8ujnTyUAD+Ry54Q==
  dependencies:
    "@ethersproject/bytes" "^5.7.0"
    "@ethersproject/logger" "^5.7.0"
    "@ethersproject/properties" "^5.7.0"
    bn.js "^5.2.1"
    elliptic "6.5.4"
    hash.js "1.1.7"

"@ethersproject/solidity@5.4.0":
  version "5.4.0"
  resolved "https://registry.yarnpkg.com/@ethersproject/solidity/-/solidity-5.4.0.tgz#1305e058ea02dc4891df18b33232b11a14ece9ec"
  integrity sha512-XFQTZ7wFSHOhHcV1DpcWj7VXECEiSrBuv7JErJvB9Uo+KfCdc3QtUZV+Vjh/AAaYgezUEKbCtE6Khjm44seevQ==
  dependencies:
    "@ethersproject/bignumber" "^5.4.0"
    "@ethersproject/bytes" "^5.4.0"
    "@ethersproject/keccak256" "^5.4.0"
    "@ethersproject/sha2" "^5.4.0"
    "@ethersproject/strings" "^5.4.0"

"@ethersproject/solidity@5.7.0":
  version "5.7.0"
  resolved "https://registry.yarnpkg.com/@ethersproject/solidity/-/solidity-5.7.0.tgz#5e9c911d8a2acce2a5ebb48a5e2e0af20b631cb8"
  integrity sha512-HmabMd2Dt/raavyaGukF4XxizWKhKQ24DoLtdNbBmNKUOPqwjsKQSdV9GQtj9CBEea9DlzETlVER1gYeXXBGaA==
  dependencies:
    "@ethersproject/bignumber" "^5.7.0"
    "@ethersproject/bytes" "^5.7.0"
    "@ethersproject/keccak256" "^5.7.0"
    "@ethersproject/logger" "^5.7.0"
    "@ethersproject/sha2" "^5.7.0"
    "@ethersproject/strings" "^5.7.0"

"@ethersproject/strings@5.4.0":
  version "5.4.0"
  resolved "https://registry.yarnpkg.com/@ethersproject/strings/-/strings-5.4.0.tgz#fb12270132dd84b02906a8d895ae7e7fa3d07d9a"
  integrity sha512-k/9DkH5UGDhv7aReXLluFG5ExurwtIpUfnDNhQA29w896Dw3i4uDTz01Quaptbks1Uj9kI8wo9tmW73wcIEaWA==
  dependencies:
    "@ethersproject/bytes" "^5.4.0"
    "@ethersproject/constants" "^5.4.0"
    "@ethersproject/logger" "^5.4.0"

"@ethersproject/strings@5.7.0", "@ethersproject/strings@^5.4.0", "@ethersproject/strings@^5.7.0":
  version "5.7.0"
  resolved "https://registry.yarnpkg.com/@ethersproject/strings/-/strings-5.7.0.tgz#54c9d2a7c57ae8f1205c88a9d3a56471e14d5ed2"
  integrity sha512-/9nu+lj0YswRNSH0NXYqrh8775XNyEdUQAuf3f+SmOrnVewcJ5SBNAjF7lpgehKi4abvNNXyf+HX86czCdJ8Mg==
  dependencies:
    "@ethersproject/bytes" "^5.7.0"
    "@ethersproject/constants" "^5.7.0"
    "@ethersproject/logger" "^5.7.0"

"@ethersproject/transactions@5.4.0":
  version "5.4.0"
  resolved "https://registry.yarnpkg.com/@ethersproject/transactions/-/transactions-5.4.0.tgz#a159d035179334bd92f340ce0f77e83e9e1522e0"
  integrity sha512-s3EjZZt7xa4BkLknJZ98QGoIza94rVjaEed0rzZ/jB9WrIuu/1+tjvYCWzVrystXtDswy7TPBeIepyXwSYa4WQ==
  dependencies:
    "@ethersproject/address" "^5.4.0"
    "@ethersproject/bignumber" "^5.4.0"
    "@ethersproject/bytes" "^5.4.0"
    "@ethersproject/constants" "^5.4.0"
    "@ethersproject/keccak256" "^5.4.0"
    "@ethersproject/logger" "^5.4.0"
    "@ethersproject/properties" "^5.4.0"
    "@ethersproject/rlp" "^5.4.0"
    "@ethersproject/signing-key" "^5.4.0"

"@ethersproject/transactions@5.7.0", "@ethersproject/transactions@^5.4.0", "@ethersproject/transactions@^5.7.0":
  version "5.7.0"
  resolved "https://registry.yarnpkg.com/@ethersproject/transactions/-/transactions-5.7.0.tgz#91318fc24063e057885a6af13fdb703e1f993d3b"
  integrity sha512-kmcNicCp1lp8qanMTC3RIikGgoJ80ztTyvtsFvCYpSCfkjhD0jZ2LOrnbcuxuToLIUYYf+4XwD1rP+B/erDIhQ==
  dependencies:
    "@ethersproject/address" "^5.7.0"
    "@ethersproject/bignumber" "^5.7.0"
    "@ethersproject/bytes" "^5.7.0"
    "@ethersproject/constants" "^5.7.0"
    "@ethersproject/keccak256" "^5.7.0"
    "@ethersproject/logger" "^5.7.0"
    "@ethersproject/properties" "^5.7.0"
    "@ethersproject/rlp" "^5.7.0"
    "@ethersproject/signing-key" "^5.7.0"

"@ethersproject/units@5.4.0":
  version "5.4.0"
  resolved "https://registry.yarnpkg.com/@ethersproject/units/-/units-5.4.0.tgz#d57477a4498b14b88b10396062c8cbbaf20c79fe"
  integrity sha512-Z88krX40KCp+JqPCP5oPv5p750g+uU6gopDYRTBGcDvOASh6qhiEYCRatuM/suC4S2XW9Zz90QI35MfSrTIaFg==
  dependencies:
    "@ethersproject/bignumber" "^5.4.0"
    "@ethersproject/constants" "^5.4.0"
    "@ethersproject/logger" "^5.4.0"

"@ethersproject/units@5.7.0":
  version "5.7.0"
  resolved "https://registry.yarnpkg.com/@ethersproject/units/-/units-5.7.0.tgz#637b563d7e14f42deeee39245275d477aae1d8b1"
  integrity sha512-pD3xLMy3SJu9kG5xDGI7+xhTEmGXlEqXU4OfNapmfnxLVY4EMSSRp7j1k7eezutBPH7RBN/7QPnwR7hzNlEFeg==
  dependencies:
    "@ethersproject/bignumber" "^5.7.0"
    "@ethersproject/constants" "^5.7.0"
    "@ethersproject/logger" "^5.7.0"

"@ethersproject/wallet@5.4.0":
  version "5.4.0"
  resolved "https://registry.yarnpkg.com/@ethersproject/wallet/-/wallet-5.4.0.tgz#fa5b59830b42e9be56eadd45a16a2e0933ad9353"
  integrity sha512-wU29majLjM6AjCjpat21mPPviG+EpK7wY1+jzKD0fg3ui5fgedf2zEu1RDgpfIMsfn8fJHJuzM4zXZ2+hSHaSQ==
  dependencies:
    "@ethersproject/abstract-provider" "^5.4.0"
    "@ethersproject/abstract-signer" "^5.4.0"
    "@ethersproject/address" "^5.4.0"
    "@ethersproject/bignumber" "^5.4.0"
    "@ethersproject/bytes" "^5.4.0"
    "@ethersproject/hash" "^5.4.0"
    "@ethersproject/hdnode" "^5.4.0"
    "@ethersproject/json-wallets" "^5.4.0"
    "@ethersproject/keccak256" "^5.4.0"
    "@ethersproject/logger" "^5.4.0"
    "@ethersproject/properties" "^5.4.0"
    "@ethersproject/random" "^5.4.0"
    "@ethersproject/signing-key" "^5.4.0"
    "@ethersproject/transactions" "^5.4.0"
    "@ethersproject/wordlists" "^5.4.0"

"@ethersproject/wallet@5.7.0":
  version "5.7.0"
  resolved "https://registry.yarnpkg.com/@ethersproject/wallet/-/wallet-5.7.0.tgz#4e5d0790d96fe21d61d38fb40324e6c7ef350b2d"
  integrity sha512-MhmXlJXEJFBFVKrDLB4ZdDzxcBxQ3rLyCkhNqVu3CDYvR97E+8r01UgrI+TI99Le+aYm/in/0vp86guJuM7FCA==
  dependencies:
    "@ethersproject/abstract-provider" "^5.7.0"
    "@ethersproject/abstract-signer" "^5.7.0"
    "@ethersproject/address" "^5.7.0"
    "@ethersproject/bignumber" "^5.7.0"
    "@ethersproject/bytes" "^5.7.0"
    "@ethersproject/hash" "^5.7.0"
    "@ethersproject/hdnode" "^5.7.0"
    "@ethersproject/json-wallets" "^5.7.0"
    "@ethersproject/keccak256" "^5.7.0"
    "@ethersproject/logger" "^5.7.0"
    "@ethersproject/properties" "^5.7.0"
    "@ethersproject/random" "^5.7.0"
    "@ethersproject/signing-key" "^5.7.0"
    "@ethersproject/transactions" "^5.7.0"
    "@ethersproject/wordlists" "^5.7.0"

"@ethersproject/web@5.4.0":
  version "5.4.0"
  resolved "https://registry.yarnpkg.com/@ethersproject/web/-/web-5.4.0.tgz#49fac173b96992334ed36a175538ba07a7413d1f"
  integrity sha512-1bUusGmcoRLYgMn6c1BLk1tOKUIFuTg8j+6N8lYlbMpDesnle+i3pGSagGNvwjaiLo4Y5gBibwctpPRmjrh4Og==
  dependencies:
    "@ethersproject/base64" "^5.4.0"
    "@ethersproject/bytes" "^5.4.0"
    "@ethersproject/logger" "^5.4.0"
    "@ethersproject/properties" "^5.4.0"
    "@ethersproject/strings" "^5.4.0"

"@ethersproject/web@5.7.1", "@ethersproject/web@^5.4.0", "@ethersproject/web@^5.7.0":
  version "5.7.1"
  resolved "https://registry.yarnpkg.com/@ethersproject/web/-/web-5.7.1.tgz#de1f285b373149bee5928f4eb7bcb87ee5fbb4ae"
  integrity sha512-Gueu8lSvyjBWL4cYsWsjh6MtMwM0+H4HvqFPZfB6dV8ctbP9zFAO73VG1cMWae0FLPCtz0peKPpZY8/ugJJX2w==
  dependencies:
    "@ethersproject/base64" "^5.7.0"
    "@ethersproject/bytes" "^5.7.0"
    "@ethersproject/logger" "^5.7.0"
    "@ethersproject/properties" "^5.7.0"
    "@ethersproject/strings" "^5.7.0"

"@ethersproject/wordlists@5.4.0":
  version "5.4.0"
  resolved "https://registry.yarnpkg.com/@ethersproject/wordlists/-/wordlists-5.4.0.tgz#f34205ec3bbc9e2c49cadaee774cf0b07e7573d7"
  integrity sha512-FemEkf6a+EBKEPxlzeVgUaVSodU7G0Na89jqKjmWMlDB0tomoU8RlEMgUvXyqtrg8N4cwpLh8nyRnm1Nay1isA==
  dependencies:
    "@ethersproject/bytes" "^5.4.0"
    "@ethersproject/hash" "^5.4.0"
    "@ethersproject/logger" "^5.4.0"
    "@ethersproject/properties" "^5.4.0"
    "@ethersproject/strings" "^5.4.0"

"@ethersproject/wordlists@5.7.0", "@ethersproject/wordlists@^5.4.0", "@ethersproject/wordlists@^5.7.0":
  version "5.7.0"
  resolved "https://registry.yarnpkg.com/@ethersproject/wordlists/-/wordlists-5.7.0.tgz#8fb2c07185d68c3e09eb3bfd6e779ba2774627f5"
  integrity sha512-S2TFNJNfHWVHNE6cNDjbVlZ6MgE17MIxMbMg2zv3wn+3XSJGosL1m9ZVv3GXCf/2ymSsQ+hRI5IzoMJTG6aoVA==
  dependencies:
    "@ethersproject/bytes" "^5.7.0"
    "@ethersproject/hash" "^5.7.0"
    "@ethersproject/logger" "^5.7.0"
    "@ethersproject/properties" "^5.7.0"
    "@ethersproject/strings" "^5.7.0"

"@types/cli-color@*":
  version "2.0.2"
  resolved "https://registry.yarnpkg.com/@types/cli-color/-/cli-color-2.0.2.tgz#01bd593722a12c26ec84c170ab251fe2d35856c5"
  integrity sha512-1ErQIcmNHtNViGKTtB/TIKqMkC2RkKI2nBneCr9hSCPo9H05g9VzjlaXPW3H0vaI8zFGjJZvSav+VKDKCtKgKA==

"@types/clui@^0.3.1":
  version "0.3.1"
  resolved "https://registry.yarnpkg.com/@types/clui/-/clui-0.3.1.tgz#ccd8208ef11e04afd662115b1500337c527a3642"
  integrity sha512-MxV6JIniaXPM+TNiqQ7vKi6Ad8sb0hyiaJmyjjzWv1ywinR7ZqEFdE7uP7IMmwXC2Huv3Axj1dZKDNYNl1I15g==
  dependencies:
    "@types/cli-color" "*"

"@types/node@^18.14.0":
  version "18.14.0"
  resolved "https://registry.yarnpkg.com/@types/node/-/node-18.14.0.tgz#94c47b9217bbac49d4a67a967fdcdeed89ebb7d0"
  integrity sha512-5EWrvLmglK+imbCJY0+INViFWUHg1AHel1sq4ZVSfdcNqGy9Edv3UB9IIzzg+xPaUcAgZYcfVs2fBcwDeZzU0A==

aes-js@3.0.0:
  version "3.0.0"
  resolved "https://registry.yarnpkg.com/aes-js/-/aes-js-3.0.0.tgz#e21df10ad6c2053295bcbb8dab40b09dbea87e4d"
  integrity sha512-H7wUZRn8WpTq9jocdxQ2c8x2sKo9ZVmzfRE13GiNJXfp7NcKYEdvl3vspKjXox6RIG2VtaRe4JFvxG4rqp2Zuw==

bech32@1.1.4:
  version "1.1.4"
  resolved "https://registry.yarnpkg.com/bech32/-/bech32-1.1.4.tgz#e38c9f37bf179b8eb16ae3a772b40c356d4832e9"
  integrity sha512-s0IrSOzLlbvX7yp4WBfPITzpAU8sqQcpsmwXDiKwrG4r491vwCO/XpejasRNl0piBMe/DvP4Tz0mIS/X1DPJBQ==

bn.js@^4.11.9:
  version "4.12.0"
  resolved "https://registry.yarnpkg.com/bn.js/-/bn.js-4.12.0.tgz#775b3f278efbb9718eec7361f483fb36fbbfea88"
  integrity sha512-c98Bf3tPniI+scsdk237ku1Dc3ujXQTSgyiPUDEOe7tRkhrqridvh8klBv0HCEso1OLOYcHuCv/cS6DNxKH+ZA==

bn.js@^5.2.1:
  version "5.2.1"
  resolved "https://registry.yarnpkg.com/bn.js/-/bn.js-5.2.1.tgz#0bc527a6a0d18d0aa8d5b0538ce4a77dccfa7b70"
  integrity sha512-eXRvHzWyYPBuB4NBy0cmYQjGitUrtqwbvlzP3G6VFnNRbsZQIxQ10PbKKHt8gZ/HW/D/747aDl+QkDqg3KQLMQ==

brorand@^1.1.0:
  version "1.1.0"
  resolved "https://registry.yarnpkg.com/brorand/-/brorand-1.1.0.tgz#12c25efe40a45e3c323eb8675a0a0ce57b22371f"
  integrity sha512-cKV8tMCEpQs4hK/ik71d6LrPOnpkpGBR0wzxqr68g2m/LB2GxVYQroAjMJZRVM1Y4BCjCKc3vAamxSzOY2RP+w==

cli-color@0.3.2:
  version "0.3.2"
  resolved "https://registry.yarnpkg.com/cli-color/-/cli-color-0.3.2.tgz#75fa5f728c308cc4ac594b05e06cc5d80daccd86"
  integrity sha512-Ys/nDhHNRcxrS4EUI2RS/QCUE+61AMuEOj3sWDX+EIHkJWj+4XkRbOdwdxJteAJKjXYBbeFJMtfaEPd1MBF9pQ==
  dependencies:
    d "~0.1.1"
    es5-ext "~0.10.2"
    memoizee "0.3.x"
    timers-ext "0.1.x"

clui@^0.3.6:
  version "0.3.6"
  resolved "https://registry.yarnpkg.com/clui/-/clui-0.3.6.tgz#8e1e5cea7332a6e54083f59da0ccbe1d6f2fa787"
  integrity sha512-Z4UbgZILlIAjkEkZiDOa2aoYjohKx7fa6DxIh6cE9A6WNWZ61iXfQc6CmdC9SKdS5nO0P0UyQ+WfoXfB65e3HQ==
  dependencies:
    cli-color "0.3.2"

command-exists@^1.2.8:
  version "1.2.9"
  resolved "https://registry.npmjs.org/command-exists/-/command-exists-1.2.9.tgz"
  integrity sha512-LTQ/SGc+s0Xc0Fu5WaKnR0YiygZkm9eKFvyS+fRsU7/ZWFF8ykFM6Pc9aCVf1+xasOOZpO3BAVgVrKvsqKHV7w==

commander@^10.0.1:
  version "10.0.1"
  resolved "https://registry.yarnpkg.com/commander/-/commander-10.0.1.tgz#881ee46b4f77d1c1dccc5823433aa39b022cbe06"
  integrity sha512-y4Mg2tXshplEbSGzx7amzPwKKOCGuoSRP/CjEdwwk0FOGlUbq6lKuoyDZTNZkmxHdJtp54hdfY/JUrdL7Xfdug==

commander@^8.1.0:
  version "8.3.0"
  resolved "https://registry.npmjs.org/commander/-/commander-8.3.0.tgz"
  integrity sha512-OkTL9umf+He2DZkUq8f8J9of7yL6RJKI24dVITBmNfZBmri9zYZQrKkuXiKhyfPSu8tUhnVBB1iKXevvnlR4Ww==

d@1, d@^1.0.1:
  version "1.0.1"
  resolved "https://registry.yarnpkg.com/d/-/d-1.0.1.tgz#8698095372d58dbee346ffd0c7093f99f8f9eb5a"
  integrity sha512-m62ShEObQ39CfralilEQRjH6oAMtNCV1xJyEx5LpRYUVN+EviphDgUc/F3hnYbADmkiNs67Y+3ylmlG7Lnu+FA==
  dependencies:
    es5-ext "^0.10.50"
    type "^1.0.1"

d@~0.1.1:
  version "0.1.1"
  resolved "https://registry.yarnpkg.com/d/-/d-0.1.1.tgz#da184c535d18d8ee7ba2aa229b914009fae11309"
  integrity sha512-0SdM9V9pd/OXJHoWmTfNPTAeD+lw6ZqHg+isPyBFuJsZLSE0Ygg1cYZ/0l6DrKQXMOqGOu1oWupMoOfoRfMZrQ==
  dependencies:
    es5-ext "~0.10.2"

dotenv@^16.0.3:
  version "16.0.3"
  resolved "https://registry.yarnpkg.com/dotenv/-/dotenv-16.0.3.tgz#115aec42bac5053db3c456db30cc243a5a836a07"
  integrity sha512-7GO6HghkA5fYG9TYnNxi14/7K9f5occMlp3zXAuSxn7CKCxt9xbNWG7yF8hTCSUchlfWSe3uLmlPfigevRItzQ==

elliptic@6.5.4:
  version "6.5.4"
  resolved "https://registry.yarnpkg.com/elliptic/-/elliptic-6.5.4.tgz#da37cebd31e79a1367e941b592ed1fbebd58abbb"
  integrity sha512-iLhC6ULemrljPZb+QutR5TQGB+pdW6KGD5RSegS+8sorOZT+rdQFbsQFJgvN3eRqNALqJer4oQ16YvJHlU8hzQ==
  dependencies:
    bn.js "^4.11.9"
    brorand "^1.1.0"
    hash.js "^1.0.0"
    hmac-drbg "^1.0.1"
    inherits "^2.0.4"
    minimalistic-assert "^1.0.1"
    minimalistic-crypto-utils "^1.0.1"

es5-ext@^0.10.35, es5-ext@^0.10.50, es5-ext@~0.10.11, es5-ext@~0.10.14, es5-ext@~0.10.2, es5-ext@~0.10.46, es5-ext@~0.10.5, es5-ext@~0.10.6:
  version "0.10.62"
  resolved "https://registry.yarnpkg.com/es5-ext/-/es5-ext-0.10.62.tgz#5e6adc19a6da524bf3d1e02bbc8960e5eb49a9a5"
  integrity sha512-BHLqn0klhEpnOKSrzn/Xsz2UIW8j+cGmo9JLzr8BiUapV8hPL9+FliFqjwr9ngW7jWdnxv6eO+/LqyhJVqgrjA==
  dependencies:
    es6-iterator "^2.0.3"
    es6-symbol "^3.1.3"
    next-tick "^1.1.0"

es6-iterator@^2.0.3:
  version "2.0.3"
  resolved "https://registry.yarnpkg.com/es6-iterator/-/es6-iterator-2.0.3.tgz#a7de889141a05a94b0854403b2d0a0fbfa98f3b7"
  integrity sha512-zw4SRzoUkd+cl+ZoE15A9o1oQd920Bb0iOJMQkQhl3jNc03YqVjAhG7scf9C5KWRU/R13Orf588uCC6525o02g==
  dependencies:
    d "1"
    es5-ext "^0.10.35"
    es6-symbol "^3.1.1"

es6-iterator@~0.1.3:
  version "0.1.3"
  resolved "https://registry.yarnpkg.com/es6-iterator/-/es6-iterator-0.1.3.tgz#d6f58b8c4fc413c249b4baa19768f8e4d7c8944e"
  integrity sha512-6TOmbFM6OPWkTe+bQ3ZuUkvqcWUjAnYjKUCLdbvRsAUz2Pr+fYIibwNXNkLNtIK9PPFbNMZZddaRNkyJhlGJhA==
  dependencies:
    d "~0.1.1"
    es5-ext "~0.10.5"
    es6-symbol "~2.0.1"

es6-symbol@^3.1.1, es6-symbol@^3.1.3:
  version "3.1.3"
  resolved "https://registry.yarnpkg.com/es6-symbol/-/es6-symbol-3.1.3.tgz#bad5d3c1bcdac28269f4cb331e431c78ac705d18"
  integrity sha512-NJ6Yn3FuDinBaBRWl/q5X/s4koRHBrgKAu+yGI6JCBeiu3qrcbJhwT2GeR/EXVfylRk8dpQVJoLEFhK+Mu31NA==
  dependencies:
    d "^1.0.1"
    ext "^1.1.2"

es6-symbol@~2.0.1:
  version "2.0.1"
  resolved "https://registry.yarnpkg.com/es6-symbol/-/es6-symbol-2.0.1.tgz#761b5c67cfd4f1d18afb234f691d678682cb3bf3"
  integrity sha512-wjobO4zO8726HVU7mI2OA/B6QszqwHJuKab7gKHVx+uRfVVYGcWJkCIFxV2Madqb9/RUSrhJ/r6hPfG7FsWtow==
  dependencies:
    d "~0.1.1"
    es5-ext "~0.10.5"

es6-weak-map@~0.1.4:
  version "0.1.4"
  resolved "https://registry.yarnpkg.com/es6-weak-map/-/es6-weak-map-0.1.4.tgz#706cef9e99aa236ba7766c239c8b9e286ea7d228"
  integrity sha512-P+N5Cd2TXeb7G59euFiM7snORspgbInS29Nbf3KNO2JQp/DyhvMCDWd58nsVAXwYJ6W3Bx7qDdy6QQ3PCJ7jKQ==
  dependencies:
    d "~0.1.1"
    es5-ext "~0.10.6"
    es6-iterator "~0.1.3"
    es6-symbol "~2.0.1"

ethers@5.4:
  version "5.4.7"
  resolved "https://registry.yarnpkg.com/ethers/-/ethers-5.4.7.tgz#0fd491a5da7c9793de2d6058d76b41b1e7efba8f"
  integrity sha512-iZc5p2nqfWK1sj8RabwsPM28cr37Bpq7ehTQ5rWExBr2Y09Sn1lDKZOED26n+TsZMye7Y6mIgQ/1cwpSD8XZew==
  dependencies:
    "@ethersproject/abi" "5.4.1"
    "@ethersproject/abstract-provider" "5.4.1"
    "@ethersproject/abstract-signer" "5.4.1"
    "@ethersproject/address" "5.4.0"
    "@ethersproject/base64" "5.4.0"
    "@ethersproject/basex" "5.4.0"
    "@ethersproject/bignumber" "5.4.2"
    "@ethersproject/bytes" "5.4.0"
    "@ethersproject/constants" "5.4.0"
    "@ethersproject/contracts" "5.4.1"
    "@ethersproject/hash" "5.4.0"
    "@ethersproject/hdnode" "5.4.0"
    "@ethersproject/json-wallets" "5.4.0"
    "@ethersproject/keccak256" "5.4.0"
    "@ethersproject/logger" "5.4.1"
    "@ethersproject/networks" "5.4.2"
    "@ethersproject/pbkdf2" "5.4.0"
    "@ethersproject/properties" "5.4.1"
    "@ethersproject/providers" "5.4.5"
    "@ethersproject/random" "5.4.0"
    "@ethersproject/rlp" "5.4.0"
    "@ethersproject/sha2" "5.4.0"
    "@ethersproject/signing-key" "5.4.0"
    "@ethersproject/solidity" "5.4.0"
    "@ethersproject/strings" "5.4.0"
    "@ethersproject/transactions" "5.4.0"
    "@ethersproject/units" "5.4.0"
    "@ethersproject/wallet" "5.4.0"
    "@ethersproject/web" "5.4.0"
    "@ethersproject/wordlists" "5.4.0"

ethers@^5.7.0:
  version "5.7.2"
  resolved "https://registry.yarnpkg.com/ethers/-/ethers-5.7.2.tgz#3a7deeabbb8c030d4126b24f84e525466145872e"
  integrity sha512-wswUsmWo1aOK8rR7DIKiWSw9DbLWe6x98Jrn8wcTflTVvaXhAMaB5zGAXy0GYQEQp9iO1iSHWVyARQm11zUtyg==
  dependencies:
    "@ethersproject/abi" "5.7.0"
    "@ethersproject/abstract-provider" "5.7.0"
    "@ethersproject/abstract-signer" "5.7.0"
    "@ethersproject/address" "5.7.0"
    "@ethersproject/base64" "5.7.0"
    "@ethersproject/basex" "5.7.0"
    "@ethersproject/bignumber" "5.7.0"
    "@ethersproject/bytes" "5.7.0"
    "@ethersproject/constants" "5.7.0"
    "@ethersproject/contracts" "5.7.0"
    "@ethersproject/hash" "5.7.0"
    "@ethersproject/hdnode" "5.7.0"
    "@ethersproject/json-wallets" "5.7.0"
    "@ethersproject/keccak256" "5.7.0"
    "@ethersproject/logger" "5.7.0"
    "@ethersproject/networks" "5.7.1"
    "@ethersproject/pbkdf2" "5.7.0"
    "@ethersproject/properties" "5.7.0"
    "@ethersproject/providers" "5.7.2"
    "@ethersproject/random" "5.7.0"
    "@ethersproject/rlp" "5.7.0"
    "@ethersproject/sha2" "5.7.0"
    "@ethersproject/signing-key" "5.7.0"
    "@ethersproject/solidity" "5.7.0"
    "@ethersproject/strings" "5.7.0"
    "@ethersproject/transactions" "5.7.0"
    "@ethersproject/units" "5.7.0"
    "@ethersproject/wallet" "5.7.0"
    "@ethersproject/web" "5.7.1"
    "@ethersproject/wordlists" "5.7.0"

event-emitter@~0.3.4:
  version "0.3.5"
  resolved "https://registry.yarnpkg.com/event-emitter/-/event-emitter-0.3.5.tgz#df8c69eef1647923c7157b9ce83840610b02cc39"
  integrity sha512-D9rRn9y7kLPnJ+hMq7S/nhvoKwwvVJahBi2BPmx3bvbsEdK3W9ii8cBSGjP+72/LnM4n6fo3+dkCX5FeTQruXA==
  dependencies:
    d "1"
    es5-ext "~0.10.14"

ext@^1.1.2:
  version "1.7.0"
  resolved "https://registry.yarnpkg.com/ext/-/ext-1.7.0.tgz#0ea4383c0103d60e70be99e9a7f11027a33c4f5f"
  integrity sha512-6hxeJYaL110a9b5TEJSj0gojyHQAmA2ch5Os+ySCiA1QGdS697XWY1pzsrSjqA9LDEEgdB/KypIlR59RcLuHYw==
  dependencies:
    type "^2.7.2"

follow-redirects@^1.12.1:
  version "1.15.2"
  resolved "https://registry.npmjs.org/follow-redirects/-/follow-redirects-1.15.2.tgz"
  integrity sha512-VQLG33o04KaQ8uYi2tVNbdrWp1QWxNNea+nmIB4EVM28v0hmP17z7aG1+wAkNzVq4KeXTq3221ye5qTJP91JwA==

hash.js@1.1.7, hash.js@^1.0.0, hash.js@^1.0.3:
  version "1.1.7"
  resolved "https://registry.yarnpkg.com/hash.js/-/hash.js-1.1.7.tgz#0babca538e8d4ee4a0f8988d68866537a003cf42"
  integrity sha512-taOaskGt4z4SOANNseOviYDvjEJinIkRgmp7LbKP2YTTmVxWBl87s/uzK9r+44BclBSp2X7K1hqeNfz9JbBeXA==
  dependencies:
    inherits "^2.0.3"
    minimalistic-assert "^1.0.1"

hmac-drbg@^1.0.1:
  version "1.0.1"
  resolved "https://registry.yarnpkg.com/hmac-drbg/-/hmac-drbg-1.0.1.tgz#d2745701025a6c775a6c545793ed502fc0c649a1"
  integrity sha512-Tti3gMqLdZfhOQY1Mzf/AanLiqh1WTiJgEj26ZuYQ9fbkLomzGchCws4FyrSd4VkpBfiNhaE1On+lOz894jvXg==
  dependencies:
    hash.js "^1.0.3"
    minimalistic-assert "^1.0.0"
    minimalistic-crypto-utils "^1.0.1"

inherits@^2.0.3, inherits@^2.0.4:
  version "2.0.4"
  resolved "https://registry.yarnpkg.com/inherits/-/inherits-2.0.4.tgz#0fa2c64f932917c3433a0ded55363aae37416b7c"
  integrity sha512-k/vGaX4/Yla3WzyMCvTQOXYeIHvqOKtnqBduzTHpzpQZzAskKMhZ2K+EnBiSM9zGSoIFeMpXKxa4dYeZIQqewQ==

js-sha3@0.5.7:
  version "0.5.7"
  resolved "https://registry.yarnpkg.com/js-sha3/-/js-sha3-0.5.7.tgz#0d4ffd8002d5333aabaf4a23eed2f6374c9f28e7"
  integrity sha512-GII20kjaPX0zJ8wzkTbNDYMY7msuZcTWk8S5UOh6806Jq/wz1J8/bnr8uGU0DAUmYDjj2Mr4X1cW8v/GLYnR+g==

js-sha3@0.8.0:
  version "0.8.0"
  resolved "https://registry.npmjs.org/js-sha3/-/js-sha3-0.8.0.tgz"
  integrity sha512-gF1cRrHhIzNfToc802P800N8PpXS+evLLXfsVpowqmAFR9uwbi89WvXg2QspOmXL8QL86J4T1EpFu+yUkwJY3Q==

lru-queue@0.1:
  version "0.1.0"
  resolved "https://registry.yarnpkg.com/lru-queue/-/lru-queue-0.1.0.tgz#2738bd9f0d3cf4f84490c5736c48699ac632cda3"
  integrity sha512-BpdYkt9EvGl8OfWHDQPISVpcl5xZthb+XPsbELj5AQXxIC8IriDZIQYjBJPEm5rS420sjZ0TLEzRcq5KdBhYrQ==
  dependencies:
    es5-ext "~0.10.2"

memoizee@0.3.x:
  version "0.3.10"
  resolved "https://registry.yarnpkg.com/memoizee/-/memoizee-0.3.10.tgz#4eca0d8aed39ec9d017f4c5c2f2f6432f42e5c8f"
  integrity sha512-LLzVUuWwGBKK188spgOK/ukrp5zvd9JGsiLDH41pH9vt5jvhZfsu5pxDuAnYAMG8YEGce72KO07sSBy9KkvOfw==
  dependencies:
    d "~0.1.1"
    es5-ext "~0.10.11"
    es6-weak-map "~0.1.4"
    event-emitter "~0.3.4"
    lru-queue "0.1"
    next-tick "~0.2.2"
    timers-ext "0.1"

memorystream@^0.3.1:
  version "0.3.1"
  resolved "https://registry.npmjs.org/memorystream/-/memorystream-0.3.1.tgz"
  integrity sha512-S3UwM3yj5mtUSEfP41UZmt/0SCoVYUcU1rkXv+BQ5Ig8ndL4sPoJNBUJERafdPb5jjHJGuMgytgKvKIf58XNBw==

minimalistic-assert@^1.0.0, minimalistic-assert@^1.0.1:
  version "1.0.1"
  resolved "https://registry.yarnpkg.com/minimalistic-assert/-/minimalistic-assert-1.0.1.tgz#2e194de044626d4a10e7f7fbc00ce73e83e4d5c7"
  integrity sha512-UtJcAD4yEaGtjPezWuO9wC4nwUnVH/8/Im3yEHQP4b67cXlD/Qr9hdITCU1xDbSEXg2XKNaP8jsReV7vQd00/A==

minimalistic-crypto-utils@^1.0.1:
  version "1.0.1"
  resolved "https://registry.yarnpkg.com/minimalistic-crypto-utils/-/minimalistic-crypto-utils-1.0.1.tgz#f6c00c1c0b082246e5c4d99dfb8c7c083b2b582a"
  integrity sha512-JIYlbt6g8i5jKfJ3xz7rF0LXmv2TkDxBLUkiBeZ7bAx4GnnNMr8xFpGnOxn6GhTEHx3SjRrZEoU+j04prX1ktg==

next-tick@1, next-tick@^1.1.0:
  version "1.1.0"
  resolved "https://registry.yarnpkg.com/next-tick/-/next-tick-1.1.0.tgz#1836ee30ad56d67ef281b22bd199f709449b35eb"
  integrity sha512-CXdUiJembsNjuToQvxayPZF9Vqht7hewsvy2sOWafLvi2awflj9mOC6bHIg50orX8IJvWKY9wYQ/zB2kogPslQ==

next-tick@~0.2.2:
  version "0.2.2"
  resolved "https://registry.yarnpkg.com/next-tick/-/next-tick-0.2.2.tgz#75da4a927ee5887e39065880065b7336413b310d"
  integrity sha512-f7h4svPtl+QidoBv4taKXUjJ70G2asaZ8G28nS0OkqaalX8dwwrtWtyxEDPK62AC00ur/+/E0pUwBwY5EPn15Q==

os-tmpdir@~1.0.2:
  version "1.0.2"
  resolved "https://registry.npmjs.org/os-tmpdir/-/os-tmpdir-1.0.2.tgz"
  integrity sha512-D2FR03Vir7FIu45XBY20mTb+/ZSWB00sjU9jdQXt83gDrI4Ztz5Fs7/yy74g2N5SVQY4xY1qDr4rNddwYRVX0g==

prettier@^2.8.8:
  version "2.8.8"
  resolved "https://registry.yarnpkg.com/prettier/-/prettier-2.8.8.tgz#e8c5d7e98a4305ffe3de2e1fc4aca1a71c28b1da"
  integrity sha512-tdN8qQGvNjw4CHbY+XXk0JgCXn9QiF21a55rBe5LJAU+kDyC4WQn4+awm2Xfk2lQMk5fKup9XgzTZtGkjBdP9Q==

scrypt-js@3.0.1:
  version "3.0.1"
  resolved "https://registry.yarnpkg.com/scrypt-js/-/scrypt-js-3.0.1.tgz#d314a57c2aef69d1ad98a138a21fe9eafa9ee312"
  integrity sha512-cdwTTnqPu0Hyvf5in5asVdZocVDTNRmR7XEcJuIzMjJeSHybHl7vpB66AzwTaIg6CLSbtjcxc8fqcySfnTkccA==

semver@^5.5.0:
  version "5.7.1"
  resolved "https://registry.npmjs.org/semver/-/semver-5.7.1.tgz"
  integrity sha512-sauaDf/PZdVgrLTNYHRtpXa1iRiKcaebiKQ1BJdpQlWH2lCvexQdX55snPFyK7QzpudqbCI0qXFfOasHdyNDGQ==

solc@^0.8.18:
  version "0.8.18"
  resolved "https://registry.npmjs.org/solc/-/solc-0.8.18.tgz"
  integrity sha512-wVAa2Y3BYd64Aby5LsgS3g6YC2NvZ3bJ+A8TAIAukfVuQb3AjyGrLZpyxQk5YLn14G35uZtSnIgHEpab9klOLQ==
  dependencies:
    command-exists "^1.2.8"
    commander "^8.1.0"
    follow-redirects "^1.12.1"
    js-sha3 "0.8.0"
    memorystream "^0.3.1"
    semver "^5.5.0"
    tmp "0.0.33"

timers-ext@0.1, timers-ext@0.1.x:
  version "0.1.7"
  resolved "https://registry.yarnpkg.com/timers-ext/-/timers-ext-0.1.7.tgz#6f57ad8578e07a3fb9f91d9387d65647555e25c6"
  integrity sha512-b85NUNzTSdodShTIbky6ZF02e8STtVVfD+fu4aXXShEELpozH+bCpJLYMPZbsABN2wDH7fJpqIoXxJpzbf0NqQ==
  dependencies:
    es5-ext "~0.10.46"
    next-tick "1"

tmp@0.0.33:
  version "0.0.33"
  resolved "https://registry.npmjs.org/tmp/-/tmp-0.0.33.tgz"
  integrity sha512-jRCJlojKnZ3addtTOjdIqoRuPEKBvNXcGYqzO6zWZX8KfKEpnGY5jfggJQ3EjKuu8D4bJRr0y+cYJFmYbImXGw==
  dependencies:
    os-tmpdir "~1.0.2"

type@^1.0.1:
  version "1.2.0"
  resolved "https://registry.yarnpkg.com/type/-/type-1.2.0.tgz#848dd7698dafa3e54a6c479e759c4bc3f18847a0"
  integrity sha512-+5nt5AAniqsCnu2cEQQdpzCAh33kVx8n0VoFidKpB1dVVLAN/F+bgVOqOJqOnEnrhp222clB5p3vUlD+1QAnfg==

type@^2.7.2:
  version "2.7.2"
  resolved "https://registry.yarnpkg.com/type/-/type-2.7.2.tgz#2376a15a3a28b1efa0f5350dcf72d24df6ef98d0"
  integrity sha512-dzlvlNlt6AXU7EBSfpAscydQ7gXB+pPGsPnfJnZpiNJBDj7IaJzQlBZYGdEi4R9HmPdBv2XmWJ6YUtoTa7lmCw==

typescript@^4.9.5:
  version "4.9.5"
  resolved "https://registry.npmjs.org/typescript/-/typescript-4.9.5.tgz"
  integrity sha512-1FXk9E2Hm+QzZQ7z+McJiHL4NW1F2EzMu9Nq9i3zAaGqibafqYwCVU6WyWAuyQRRzOlxou8xZSyXLEN8oKj24g==

ws@7.4.6:
  version "7.4.6"
  resolved "https://registry.yarnpkg.com/ws/-/ws-7.4.6.tgz#5654ca8ecdeee47c33a9a4bf6d28e2be2980377c"
  integrity sha512-YmhHDO4MzaDLB+M9ym/mDA5z0naX8j7SIlT8f8z+I0VtzsRbekxEutHSme7NPS2qE8StCYQNUnfWdXta/Yu85A==
